
Microsoft Visual Studio Solution File, Format Version 12.00
# Visual Studio Version 16
VisualStudioVersion = 16.0.30907.101
MinimumVisualStudioVersion = 10.0.40219.1
Project("{FAE04EC0-301F-11D3-BF4B-00C04F79EFBC}") = "ArraysAndDictionaries", "ArraysAndDictionaries\ArraysAndDictionaries.csproj", "{74ACBC6E-2A05-48C7-88E3-8A573641E46E}"
EndProject
Global
	GlobalSection(SolutionConfigurationPlatforms) = preSolution
		Debug|Any CPU = Debug|Any CPU
		Release|Any CPU = Release|Any CPU
	EndGlobalSection
	GlobalSection(ProjectConfigurationPlatforms) = postSolution
		{74ACBC6E-2A05-48C7-88E3-8A573641E46E}.Debug|Any CPU.ActiveCfg = Debug|Any CPU
		{74ACBC6E-2A05-48C7-88E3-8A573641E46E}.Debug|Any CPU.Build.0 = Debug|Any CPU
		{74ACBC6E-2A05-48C7-88E3-8A573641E46E}.Release|Any CPU.ActiveCfg = Release|Any CPU
		{74ACBC6E-2A05-48C7-88E3-8A573641E46E}.Release|Any CPU.Build.0 = Release|Any CPU
	EndGlobalSection
	GlobalSection(SolutionProperties) = preSolution
		HideSolutionNode = FALSE
	EndGlobalSection
	GlobalSection(ExtensibilityGlobals) = postSolution
		SolutionGuid = {C7F29C8A-4EEC-49CB-A4E7-5C7D2E2A0F70}
	EndGlobalSection
EndGlobal
