
Microsoft Visual Studio Solution File, Format Version 12.00
# Visual Studio Version 16
VisualStudioVersion = 16.0.30907.101
MinimumVisualStudioVersion = 10.0.40219.1
Project("{9A19103F-16F7-4668-BE54-9A1E7A4F7556}") = "ConsoleApp1", "ConsoleApp1\ConsoleApp1.csproj", "{AFAC3548-C57D-4709-B187-8AD13C3C5F3E}"
EndProject
Project("{2150E333-8FDC-42A3-9474-1A3956D46DE8}") = "Solution Items", "Solution Items", "{DB027F2A-2CEA-4D16-BF9E-182CA4582E17}"
	ProjectSection(SolutionItems) = preProject
		.editorconfig = .editorconfig
	EndProjectSection
EndProject
Global
	GlobalSection(SolutionConfigurationPlatforms) = preSolution
		Debug|Any CPU = Debug|Any CPU
		Release|Any CPU = Release|Any CPU
	EndGlobalSection
	GlobalSection(ProjectConfigurationPlatforms) = postSolution
		{AFAC3548-C57D-4709-B187-8AD13C3C5F3E}.Debug|Any CPU.ActiveCfg = Debug|Any CPU
		{AFAC3548-C57D-4709-B187-8AD13C3C5F3E}.Debug|Any CPU.Build.0 = Debug|Any CPU
		{AFAC3548-C57D-4709-B187-8AD13C3C5F3E}.Release|Any CPU.ActiveCfg = Release|Any CPU
		{AFAC3548-C57D-4709-B187-8AD13C3C5F3E}.Release|Any CPU.Build.0 = Release|Any CPU
	EndGlobalSection
	GlobalSection(SolutionProperties) = preSolution
		HideSolutionNode = FALSE
	EndGlobalSection
	GlobalSection(ExtensibilityGlobals) = postSolution
		SolutionGuid = {CABE2BBF-27D0-4FE1-9349-31F293680B97}
	EndGlobalSection
EndGlobal
